
Microsoft Visual Studio Solution File, Format Version 12.00
# Visual Studio Version 16
VisualStudioVersion = 16.0.30717.126
MinimumVisualStudioVersion = 10.0.40219.1
Project("{FAE04EC0-301F-11D3-BF4B-00C04F79EFBC}") = "App3", "App3\App3.csproj", "{7264B6D0-3A4F-4B30-8B39-6CB0E4A9A2C1}"
EndProject
Global
	GlobalSection(SolutionConfigurationPlatforms) = preSolution
		Debug|Any CPU = Debug|Any CPU
		Release|Any CPU = Release|Any CPU
	EndGlobalSection
	GlobalSection(ProjectConfigurationPlatforms) = postSolution
		{7264B6D0-3A4F-4B30-8B39-6CB0E4A9A2C1}.Debug|Any CPU.ActiveCfg = Debug|Any CPU
		{7264B6D0-3A4F-4B30-8B39-6CB0E4A9A2C1}.Debug|Any CPU.Build.0 = Debug|Any CPU
		{7264B6D0-3A4F-4B30-8B39-6CB0E4A9A2C1}.Release|Any CPU.ActiveCfg = Release|Any CPU
		{7264B6D0-3A4F-4B30-8B39-6CB0E4A9A2C1}.Release|Any CPU.Build.0 = Release|Any CPU
	EndGlobalSection
	GlobalSection(SolutionProperties) = preSolution
		HideSolutionNode = FALSE
	EndGlobalSection
	GlobalSection(ExtensibilityGlobals) = postSolution
		SolutionGuid = {69A67322-1294-42AA-8A27-867D7255CDD2}
	EndGlobalSection
	GlobalSection(TeamFoundationVersionControl) = preSolution
		SccNumberOfProjects = 2
		SccEnterpriseProvider = {4CA58AB2-18FA-4F8D-95D4-32DDF27D184C}
		SccTeamFoundationServer = https://dev.azure.com/banalachaitu
		SccLocalPath0 = .
		SccProjectUniqueName1 = App3\\App3.csproj
		SccProjectName1 = App3
		SccLocalPath1 = App3
	EndGlobalSection
EndGlobal
